
Microsoft Visual Studio Solution File, Format Version 12.00
# Visual Studio Version 16
VisualStudioVersion = 16.0.29123.88
MinimumVisualStudioVersion = 10.0.40219.1
Project("{9A19103F-16F7-4668-BE54-9A1E7A4F7556}") = "KaiCoreApp.Infrastructure", "KaiCoreApp.Infrastructure\KaiCoreApp.Infrastructure.csproj", "{F40D5799-6E83-447E-8CDB-68C925997849}"
EndProject
Project("{9A19103F-16F7-4668-BE54-9A1E7A4F7556}") = "KaiCoreApp.Utilities", "KaiCoreApp.Utilities\KaiCoreApp.Utilities.csproj", "{A799D20E-3FCD-4A83-9574-28D0F9ED6CE4}"
EndProject
Project("{9A19103F-16F7-4668-BE54-9A1E7A4F7556}") = "KaiCoreApp.Data", "KaiCoreApp.Data\KaiCoreApp.Data.csproj", "{AD771ABB-F33E-4F2A-8313-E0043D9E0ECF}"
EndProject
Project("{9A19103F-16F7-4668-BE54-9A1E7A4F7556}") = "KaiCoreApp.EF", "KaiCoreApp.EF\KaiCoreApp.EF.csproj", "{A3F2C8E2-CFEB-4A6F-9FF5-A66DD1D720AE}"
EndProject
Project("{9A19103F-16F7-4668-BE54-9A1E7A4F7556}") = "KaiCoreApp.Application", "KaiCoreApp.Application\KaiCoreApp.Application.csproj", "{8C12EFC2-D7FB-4A95-8755-850D221FB076}"
EndProject
Project("{2150E333-8FDC-42A3-9474-1A3956D46DE8}") = "1 - Presentation", "1 - Presentation", "{AD95876E-8184-493B-9A10-BD46973B0190}"
EndProject
Project("{2150E333-8FDC-42A3-9474-1A3956D46DE8}") = "2 - Application", "2 - Application", "{1D1E6998-28F7-4492-925A-EB05D5A90D47}"
EndProject
Project("{2150E333-8FDC-42A3-9474-1A3956D46DE8}") = "3 - Domain", "3 - Domain", "{3367C1E9-751E-4972-9DBE-3FBEA1380F11}"
EndProject
Project("{2150E333-8FDC-42A3-9474-1A3956D46DE8}") = "4 - Infrastructure", "4 - Infrastructure", "{8F264B45-A47F-46BB-8585-F3431FB59D55}"
EndProject
Project("{FAE04EC0-301F-11D3-BF4B-00C04F79EFBC}") = "KaiCoreApp.Web", "KaiCoreApp.Web\KaiCoreApp.Web.csproj", "{7AA96045-90EB-41FF-A81E-62D0D3C604C9}"
EndProject
Global
	GlobalSection(SolutionConfigurationPlatforms) = preSolution
		Debug|Any CPU = Debug|Any CPU
		Release|Any CPU = Release|Any CPU
	EndGlobalSection
	GlobalSection(ProjectConfigurationPlatforms) = postSolution
		{F40D5799-6E83-447E-8CDB-68C925997849}.Debug|Any CPU.ActiveCfg = Debug|Any CPU
		{F40D5799-6E83-447E-8CDB-68C925997849}.Debug|Any CPU.Build.0 = Debug|Any CPU
		{F40D5799-6E83-447E-8CDB-68C925997849}.Release|Any CPU.ActiveCfg = Release|Any CPU
		{F40D5799-6E83-447E-8CDB-68C925997849}.Release|Any CPU.Build.0 = Release|Any CPU
		{A799D20E-3FCD-4A83-9574-28D0F9ED6CE4}.Debug|Any CPU.ActiveCfg = Debug|Any CPU
		{A799D20E-3FCD-4A83-9574-28D0F9ED6CE4}.Debug|Any CPU.Build.0 = Debug|Any CPU
		{A799D20E-3FCD-4A83-9574-28D0F9ED6CE4}.Release|Any CPU.ActiveCfg = Release|Any CPU
		{A799D20E-3FCD-4A83-9574-28D0F9ED6CE4}.Release|Any CPU.Build.0 = Release|Any CPU
		{AD771ABB-F33E-4F2A-8313-E0043D9E0ECF}.Debug|Any CPU.ActiveCfg = Debug|Any CPU
		{AD771ABB-F33E-4F2A-8313-E0043D9E0ECF}.Debug|Any CPU.Build.0 = Debug|Any CPU
		{AD771ABB-F33E-4F2A-8313-E0043D9E0ECF}.Release|Any CPU.ActiveCfg = Release|Any CPU
		{AD771ABB-F33E-4F2A-8313-E0043D9E0ECF}.Release|Any CPU.Build.0 = Release|Any CPU
		{A3F2C8E2-CFEB-4A6F-9FF5-A66DD1D720AE}.Debug|Any CPU.ActiveCfg = Debug|Any CPU
		{A3F2C8E2-CFEB-4A6F-9FF5-A66DD1D720AE}.Debug|Any CPU.Build.0 = Debug|Any CPU
		{A3F2C8E2-CFEB-4A6F-9FF5-A66DD1D720AE}.Release|Any CPU.ActiveCfg = Release|Any CPU
		{A3F2C8E2-CFEB-4A6F-9FF5-A66DD1D720AE}.Release|Any CPU.Build.0 = Release|Any CPU
		{8C12EFC2-D7FB-4A95-8755-850D221FB076}.Debug|Any CPU.ActiveCfg = Debug|Any CPU
		{8C12EFC2-D7FB-4A95-8755-850D221FB076}.Debug|Any CPU.Build.0 = Debug|Any CPU
		{8C12EFC2-D7FB-4A95-8755-850D221FB076}.Release|Any CPU.ActiveCfg = Release|Any CPU
		{8C12EFC2-D7FB-4A95-8755-850D221FB076}.Release|Any CPU.Build.0 = Release|Any CPU
		{7AA96045-90EB-41FF-A81E-62D0D3C604C9}.Debug|Any CPU.ActiveCfg = Debug|Any CPU
		{7AA96045-90EB-41FF-A81E-62D0D3C604C9}.Debug|Any CPU.Build.0 = Debug|Any CPU
		{7AA96045-90EB-41FF-A81E-62D0D3C604C9}.Release|Any CPU.ActiveCfg = Release|Any CPU
		{7AA96045-90EB-41FF-A81E-62D0D3C604C9}.Release|Any CPU.Build.0 = Release|Any CPU
	EndGlobalSection
	GlobalSection(SolutionProperties) = preSolution
		HideSolutionNode = FALSE
	EndGlobalSection
	GlobalSection(NestedProjects) = preSolution
		{F40D5799-6E83-447E-8CDB-68C925997849} = {8F264B45-A47F-46BB-8585-F3431FB59D55}
		{A799D20E-3FCD-4A83-9574-28D0F9ED6CE4} = {8F264B45-A47F-46BB-8585-F3431FB59D55}
		{AD771ABB-F33E-4F2A-8313-E0043D9E0ECF} = {3367C1E9-751E-4972-9DBE-3FBEA1380F11}
		{A3F2C8E2-CFEB-4A6F-9FF5-A66DD1D720AE} = {3367C1E9-751E-4972-9DBE-3FBEA1380F11}
		{8C12EFC2-D7FB-4A95-8755-850D221FB076} = {1D1E6998-28F7-4492-925A-EB05D5A90D47}
		{7AA96045-90EB-41FF-A81E-62D0D3C604C9} = {AD95876E-8184-493B-9A10-BD46973B0190}
	EndGlobalSection
	GlobalSection(ExtensibilityGlobals) = postSolution
		SolutionGuid = {F0A99FB5-8584-40D5-8A32-66B340E3C7EB}
	EndGlobalSection
EndGlobal
